
Microsoft Visual Studio Solution File, Format Version 12.00
# Visual Studio 15
VisualStudioVersion = 15.0.27428.2043
MinimumVisualStudioVersion = 10.0.40219.1
Project("{8BC9CEB8-8B4A-11D0-8D11-00A0C91BC942}") = "flibVS", "flibVS.vcxproj", "{E0744804-C7BA-4986-BF4F-EEE79C3DBFBE}"
EndProject
Global
	GlobalSection(SolutionConfigurationPlatforms) = preSolution
		Debug|x64 = Debug|x64
		Debug|x86 = Debug|x86
		Release|x64 = Release|x64
		Release|x86 = Release|x86
	EndGlobalSection
	GlobalSection(ProjectConfigurationPlatforms) = postSolution
		{E0744804-C7BA-4986-BF4F-EEE79C3DBFBE}.Release|x86.ActiveCfg = Release|Win32
		{E0744804-C7BA-4986-BF4F-EEE79C3DBFBE}.Release|x86.Build.0 = Release|Win32
		{E0744804-C7BA-4986-BF4F-EEE79C3DBFBE}.Release|x64.ActiveCfg = Release|x64
		{E0744804-C7BA-4986-BF4F-EEE79C3DBFBE}.Release|x64.Build.0 = Release|x64
		{E0744804-C7BA-4986-BF4F-EEE79C3DBFBE}.Debug|x86.ActiveCfg = Debug|Win32
		{E0744804-C7BA-4986-BF4F-EEE79C3DBFBE}.Debug|x86.Build.0 = Debug|Win32
		{E0744804-C7BA-4986-BF4F-EEE79C3DBFBE}.Debug|x64.ActiveCfg = Debug|x64
		{E0744804-C7BA-4986-BF4F-EEE79C3DBFBE}.Debug|x64.Build.0 = Debug|x64
	EndGlobalSection
	GlobalSection(SolutionProperties) = preSolution
		HideSolutionNode = FALSE
	EndGlobalSection
	GlobalSection(ExtensibilityGlobals) = postSolution
		SolutionGuid = {896BE717-7587-46A3-82CA-95025A6FD6F7}
	EndGlobalSection
EndGlobal
